{
  "name": "gluestick-packages",
  "requires": true,
  "lockfileVersion": 1,
  "dependencies": {
    "@babel/helper-module-imports": {
      "version": "7.0.0-beta.44",
      "resolved": "https://registry.npmjs.org/@babel/helper-module-imports/-/helper-module-imports-7.0.0-beta.44.tgz",
      "integrity": "sha512-V95wi6rCffcLM46XdaUJHRc3D/XSvfsQshedaX1riHQCbs0uVopdswXrykwB6E/QEPfUGxXfs7l5GubupOi+Cw==",
      "requires": {
        "@babel/types": "7.0.0-beta.44",
        "lodash": "4.17.5"
      }
    },
    "@babel/types": {
      "version": "7.0.0-beta.44",
      "resolved": "https://registry.npmjs.org/@babel/types/-/types-7.0.0-beta.44.tgz",
      "integrity": "sha512-5eTV4WRmqbaFM3v9gHAIljEQJU4Ssc6fxL61JN+Oe2ga/BwyjzjamwkCVVAQjHGuAX8i0BWo42dshL8eO5KfLQ==",
      "requires": {
        "esutils": "2.0.2",
        "lodash": "4.17.5",
        "to-fast-properties": "2.0.0"
      }
    },
    "ajv": {
      "version": "4.11.2",
      "resolved": "https://registry.npmjs.org/ajv/-/ajv-4.11.2.tgz",
      "integrity": "sha1-8WbDwRy8bLncwQKlvP5bcslSh+Y=",
      "requires": {
        "co": "4.6.0",
        "json-stable-stringify": "1.0.1"
      }
    },
    "async": {
      "version": "2.6.0",
      "resolved": "https://registry.npmjs.org/async/-/async-2.6.0.tgz",
      "integrity": "sha512-xAfGg1/NTLBBKlHFmnd7PlmUW9KhVQIUuSrYem9xzFUZy13ScvtyGGejaae9iAVRiRq9+Cx7DPFaAAhCpyxyPw==",
      "requires": {
        "lodash": "4.17.5"
      }
    },
    "babel-plugin-universal-import": {
      "version": "1.4.0",
      "resolved": "https://registry.npmjs.org/babel-plugin-universal-import/-/babel-plugin-universal-import-1.4.0.tgz",
      "integrity": "sha512-lzSE/2okoimwqsixniJros36LpUj4yltFLNKDEhPw8fx+3egwUkvajaiLqr9xJ+FONhpAzBLQEYeySk3z3MccQ==",
      "requires": {
        "@babel/helper-module-imports": "7.0.0-beta.44"
      }
    },
    "big.js": {
      "version": "3.2.0",
      "resolved": "https://registry.npmjs.org/big.js/-/big.js-3.2.0.tgz",
      "integrity": "sha512-+hN/Zh2D08Mx65pZ/4g5bsmNiZUuChDiQfTUQ7qJr4/kuopCr88xZsAXv6mBoZEsUI4OuGHlX59qE94K2mMW8Q=="
    },
    "co": {
      "version": "4.6.0",
      "resolved": "https://registry.npmjs.org/co/-/co-4.6.0.tgz",
      "integrity": "sha1-bqa989hTrlTMuOR7+gvz+QMfsYQ="
    },
    "emojis-list": {
      "version": "2.1.0",
      "resolved": "https://registry.npmjs.org/emojis-list/-/emojis-list-2.1.0.tgz",
      "integrity": "sha1-TapNnbAPmBmIDHn6RXrlsJof04k="
    },
    "esutils": {
      "version": "2.0.2",
      "resolved": "https://registry.npmjs.org/esutils/-/esutils-2.0.2.tgz",
      "integrity": "sha1-Cr9PHKpbyx96nYrMbepPqqBLrJs="
    },
    "extract-css-chunks-webpack-plugin": {
      "version": "2.0.18",
      "resolved": "https://registry.npmjs.org/extract-css-chunks-webpack-plugin/-/extract-css-chunks-webpack-plugin-2.0.18.tgz",
      "integrity": "sha512-wqUcO5cSjc9BegjEc/6o6xx/b1go1fSMwAfsJiQyKrbeAcH7RFhSS7wvE/euYGuTbgYuRroGvFBgWJYrhnys5A==",
      "requires": {
        "ajv": "4.11.2",
        "async": "2.6.0",
        "loader-utils": "1.1.0",
        "schema-utils": "0.3.0",
        "style-loader": "0.18.2",
        "webpack-sources": "1.1.0"
      }
    },
    "fast-deep-equal": {
      "version": "1.1.0",
      "resolved": "https://registry.npmjs.org/fast-deep-equal/-/fast-deep-equal-1.1.0.tgz",
      "integrity": "sha1-wFNHeBfIa1HaqFPIHgWbcz0CNhQ="
    },
    "fast-json-stable-stringify": {
      "version": "2.0.0",
      "resolved": "https://registry.npmjs.org/fast-json-stable-stringify/-/fast-json-stable-stringify-2.0.0.tgz",
      "integrity": "sha1-1RQsDK7msRifh9OnYREGT4bIu/I="
    },
    "json-schema-traverse": {
      "version": "0.3.1",
      "resolved": "https://registry.npmjs.org/json-schema-traverse/-/json-schema-traverse-0.3.1.tgz",
      "integrity": "sha1-NJptRMU6Ud6JtAgFxdXlm0F9M0A="
    },
    "json-stable-stringify": {
      "version": "1.0.1",
      "resolved": "https://registry.npmjs.org/json-stable-stringify/-/json-stable-stringify-1.0.1.tgz",
      "integrity": "sha1-mnWdOcXy/1A/1TAGRu1EX4jE+a8=",
      "requires": {
        "jsonify": "0.0.0"
      }
    },
    "json5": {
      "version": "0.5.1",
      "resolved": "https://registry.npmjs.org/json5/-/json5-0.5.1.tgz",
      "integrity": "sha1-Hq3nrMASA0rYTiOWdn6tn6VJWCE="
    },
    "jsonify": {
      "version": "0.0.0",
      "resolved": "https://registry.npmjs.org/jsonify/-/jsonify-0.0.0.tgz",
      "integrity": "sha1-LHS27kHZPKUbe1qu6PUDYx0lKnM="
    },
    "loader-utils": {
      "version": "1.1.0",
      "resolved": "https://registry.npmjs.org/loader-utils/-/loader-utils-1.1.0.tgz",
      "integrity": "sha1-yYrvSIvM7aL/teLeZG1qdUQp9c0=",
      "requires": {
        "big.js": "3.2.0",
        "emojis-list": "2.1.0",
        "json5": "0.5.1"
      }
    },
    "lodash": {
      "version": "4.17.5",
      "resolved": "https://registry.npmjs.org/lodash/-/lodash-4.17.5.tgz",
      "integrity": "sha512-svL3uiZf1RwhH+cWrfZn3A4+U58wbP0tGVTLQPbjplZxZ8ROD9VLuNgsRniTlLe7OlSqR79RUehXgpBW/s0IQw=="
    },
    "schema-utils": {
      "version": "0.3.0",
      "resolved": "https://registry.npmjs.org/schema-utils/-/schema-utils-0.3.0.tgz",
      "integrity": "sha1-9YdyIs4+kx7a4DnxfrNxbnE3+M8=",
      "requires": {
        "ajv": "5.5.2"
      },
      "dependencies": {
        "ajv": {
          "version": "5.5.2",
          "resolved": "https://registry.npmjs.org/ajv/-/ajv-5.5.2.tgz",
          "integrity": "sha1-c7Xuyj+rZT49P5Qis0GtQiBdyWU=",
          "requires": {
            "co": "4.6.0",
            "fast-deep-equal": "1.1.0",
            "fast-json-stable-stringify": "2.0.0",
            "json-schema-traverse": "0.3.1"
          }
        }
      }
    },
    "source-list-map": {
      "version": "2.0.0",
      "resolved": "https://registry.npmjs.org/source-list-map/-/source-list-map-2.0.0.tgz",
      "integrity": "sha512-I2UmuJSRr/T8jisiROLU3A3ltr+swpniSmNPI4Ml3ZCX6tVnDsuZzK7F2hl5jTqbZBWCEKlj5HRQiPExXLgE8A=="
    },
    "source-map": {
      "version": "0.6.1",
      "resolved": "https://registry.npmjs.org/source-map/-/source-map-0.6.1.tgz",
      "integrity": "sha512-UjgapumWlbMhkBgzT7Ykc5YXUT46F0iKu8SGXq0bcwP5dz/h0Plj6enJqjz1Zbq2l5WaqYnrVbwWOWMyF3F47g=="
    },
    "style-loader": {
      "version": "0.18.2",
      "resolved": "https://registry.npmjs.org/style-loader/-/style-loader-0.18.2.tgz",
      "integrity": "sha512-WPpJPZGUxWYHWIUMNNOYqql7zh85zGmr84FdTVWq52WTIkqlW9xSxD3QYWi/T31cqn9UNSsietVEgGn2aaSCzw==",
      "requires": {
        "loader-utils": "1.1.0",
        "schema-utils": "0.3.0"
      }
    },
    "to-fast-properties": {
      "version": "2.0.0",
      "resolved": "https://registry.npmjs.org/to-fast-properties/-/to-fast-properties-2.0.0.tgz",
      "integrity": "sha1-3F5pjL0HkmW8c+A3doGk5Og/YW4="
    },
    "webpack-sources": {
      "version": "1.1.0",
      "resolved": "https://registry.npmjs.org/webpack-sources/-/webpack-sources-1.1.0.tgz",
      "integrity": "sha512-aqYp18kPphgoO5c/+NaUvEeACtZjMESmDChuD3NBciVpah3XpMEU9VAAtIaB1BsfJWWTSdv8Vv1m3T0aRk2dUw==",
      "requires": {
        "source-list-map": "2.0.0",
        "source-map": "0.6.1"
      }
    }
  }
}
