{
	"requires": true,
	"lockfileVersion": 1,
	"dependencies": {
		"ajv": {
			"version": "5.5.2",
			"resolved": "https://registry.npmjs.org/ajv/-/ajv-5.5.2.tgz",
			"integrity": "sha1-c7Xuyj+rZT49P5Qis0GtQiBdyWU=",
			"requires": {
				"co": "4.6.0",
				"fast-deep-equal": "1.1.0",
				"fast-json-stable-stringify": "2.0.0",
				"json-schema-traverse": "0.3.1"
			}
		},
		"async": {
			"version": "2.6.0",
			"resolved": "https://registry.npmjs.org/async/-/async-2.6.0.tgz",
			"integrity": "sha512-xAfGg1/NTLBBKlHFmnd7PlmUW9KhVQIUuSrYem9xzFUZy13ScvtyGGejaae9iAVRiRq9+Cx7DPFaAAhCpyxyPw==",
			"requires": {
				"lodash": "4.17.5"
			}
		},
		"big.js": {
			"version": "3.2.0",
			"resolved": "https://registry.npmjs.org/big.js/-/big.js-3.2.0.tgz",
			"integrity": "sha512-+hN/Zh2D08Mx65pZ/4g5bsmNiZUuChDiQfTUQ7qJr4/kuopCr88xZsAXv6mBoZEsUI4OuGHlX59qE94K2mMW8Q=="
		},
		"co": {
			"version": "4.6.0",
			"resolved": "https://registry.npmjs.org/co/-/co-4.6.0.tgz",
			"integrity": "sha1-bqa989hTrlTMuOR7+gvz+QMfsYQ="
		},
		"emojis-list": {
			"version": "2.1.0",
			"resolved": "https://registry.npmjs.org/emojis-list/-/emojis-list-2.1.0.tgz",
			"integrity": "sha1-TapNnbAPmBmIDHn6RXrlsJof04k="
		},
		"extract-text-webpack-plugin": {
			"version": "2.1.2",
			"resolved": "https://registry.npmjs.org/extract-text-webpack-plugin/-/extract-text-webpack-plugin-2.1.2.tgz",
			"integrity": "sha1-dW7076gVXDaBgz+8NNpTuUF0bWw=",
			"requires": {
				"async": "2.6.0",
				"loader-utils": "1.1.0",
				"schema-utils": "0.3.0",
				"webpack-sources": "1.1.0"
			}
		},
		"fast-deep-equal": {
			"version": "1.1.0",
			"resolved": "https://registry.npmjs.org/fast-deep-equal/-/fast-deep-equal-1.1.0.tgz",
			"integrity": "sha1-wFNHeBfIa1HaqFPIHgWbcz0CNhQ="
		},
		"fast-json-stable-stringify": {
			"version": "2.0.0",
			"resolved": "https://registry.npmjs.org/fast-json-stable-stringify/-/fast-json-stable-stringify-2.0.0.tgz",
			"integrity": "sha1-1RQsDK7msRifh9OnYREGT4bIu/I="
		},
		"json-schema-traverse": {
			"version": "0.3.1",
			"resolved": "https://registry.npmjs.org/json-schema-traverse/-/json-schema-traverse-0.3.1.tgz",
			"integrity": "sha1-NJptRMU6Ud6JtAgFxdXlm0F9M0A="
		},
		"json5": {
			"version": "0.5.1",
			"resolved": "https://registry.npmjs.org/json5/-/json5-0.5.1.tgz",
			"integrity": "sha1-Hq3nrMASA0rYTiOWdn6tn6VJWCE="
		},
		"loader-utils": {
			"version": "1.1.0",
			"resolved": "https://registry.npmjs.org/loader-utils/-/loader-utils-1.1.0.tgz",
			"integrity": "sha1-yYrvSIvM7aL/teLeZG1qdUQp9c0=",
			"requires": {
				"big.js": "3.2.0",
				"emojis-list": "2.1.0",
				"json5": "0.5.1"
			}
		},
		"lodash": {
			"version": "4.17.5",
			"resolved": "https://registry.npmjs.org/lodash/-/lodash-4.17.5.tgz",
			"integrity": "sha512-svL3uiZf1RwhH+cWrfZn3A4+U58wbP0tGVTLQPbjplZxZ8ROD9VLuNgsRniTlLe7OlSqR79RUehXgpBW/s0IQw=="
		},
		"schema-utils": {
			"version": "0.3.0",
			"resolved": "https://registry.npmjs.org/schema-utils/-/schema-utils-0.3.0.tgz",
			"integrity": "sha1-9YdyIs4+kx7a4DnxfrNxbnE3+M8=",
			"requires": {
				"ajv": "5.5.2"
			}
		},
		"source-list-map": {
			"version": "2.0.0",
			"resolved": "https://registry.npmjs.org/source-list-map/-/source-list-map-2.0.0.tgz",
			"integrity": "sha512-I2UmuJSRr/T8jisiROLU3A3ltr+swpniSmNPI4Ml3ZCX6tVnDsuZzK7F2hl5jTqbZBWCEKlj5HRQiPExXLgE8A=="
		},
		"source-map": {
			"version": "0.6.1",
			"resolved": "https://registry.npmjs.org/source-map/-/source-map-0.6.1.tgz",
			"integrity": "sha512-UjgapumWlbMhkBgzT7Ykc5YXUT46F0iKu8SGXq0bcwP5dz/h0Plj6enJqjz1Zbq2l5WaqYnrVbwWOWMyF3F47g=="
		},
		"webpack-sources": {
			"version": "1.1.0",
			"resolved": "https://registry.npmjs.org/webpack-sources/-/webpack-sources-1.1.0.tgz",
			"integrity": "sha512-aqYp18kPphgoO5c/+NaUvEeACtZjMESmDChuD3NBciVpah3XpMEU9VAAtIaB1BsfJWWTSdv8Vv1m3T0aRk2dUw==",
			"requires": {
				"source-list-map": "2.0.0",
				"source-map": "0.6.1"
			}
		}
	}
}
